// !$*UTF8*$!
{
	archiveVersion = 1;
	classes = {
	};
	objectVersion = 46;
	objects = {

/* Begin PBXBuildFile section */
		7138C65A1DA0F9E200BAF789 /* TileAreaView.swift in Sources */ = {isa = PBXBuildFile; fileRef = 7138C6561DA0F9E200BAF789 /* TileAreaView.swift */; };
		7138C65B1DA0F9E200BAF789 /* ImagePackage.swift in Sources */ = {isa = PBXBuildFile; fileRef = 7138C6571DA0F9E200BAF789 /* ImagePackage.swift */; };
		7138C65C1DA0F9E200BAF789 /* Tile.swift in Sources */ = {isa = PBXBuildFile; fileRef = 7138C6581DA0F9E200BAF789 /* Tile.swift */; };
		7138C65D1DA0F9E200BAF789 /* DoubleIndex.swift in Sources */ = {isa = PBXBuildFile; fileRef = 7138C6591DA0F9E200BAF789 /* DoubleIndex.swift */; };
		7138C65F1DA1248B00BAF789 /* choosePuzzleType.swift in Sources */ = {isa = PBXBuildFile; fileRef = 7138C65E1DA1248B00BAF789 /* choosePuzzleType.swift */; };
		7138C6611DA12C2900BAF789 /* settingsViewController.swift in Sources */ = {isa = PBXBuildFile; fileRef = 7138C6601DA12C2900BAF789 /* settingsViewController.swift */; };
		714D70C21D75C4EA00FB69E9 /* AppDelegate.swift in Sources */ = {isa = PBXBuildFile; fileRef = 714D70C11D75C4EA00FB69E9 /* AppDelegate.swift */; };
		714D70C71D75C4EA00FB69E9 /* Main.storyboard in Resources */ = {isa = PBXBuildFile; fileRef = 714D70C51D75C4EA00FB69E9 /* Main.storyboard */; };
		714D70C91D75C4EA00FB69E9 /* Assets.xcassets in Resources */ = {isa = PBXBuildFile; fileRef = 714D70C81D75C4EA00FB69E9 /* Assets.xcassets */; };
		714D70CC1D75C4EA00FB69E9 /* LaunchScreen.storyboard in Resources */ = {isa = PBXBuildFile; fileRef = 714D70CA1D75C4EA00FB69E9 /* LaunchScreen.storyboard */; };
		714D70D91D75DC7F00FB69E9 /* puzzleViewController.swift in Sources */ = {isa = PBXBuildFile; fileRef = 714D70D81D75DC7F00FB69E9 /* puzzleViewController.swift */; };
		71D1E0821D787D8100D24CD8 /* introViewController.swift in Sources */ = {isa = PBXBuildFile; fileRef = 71D1E0811D787D8100D24CD8 /* introViewController.swift */; };
		71DAF1851DAA194000C62D84 /* finalViewController.swift in Sources */ = {isa = PBXBuildFile; fileRef = 71DAF1841DAA194000C62D84 /* finalViewController.swift */; };
/* End PBXBuildFile section */

/* Begin PBXFileReference section */
		7138C6561DA0F9E200BAF789 /* TileAreaView.swift */ = {isa = PBXFileReference; fileEncoding = 4; lastKnownFileType = sourcecode.swift; path = TileAreaView.swift; sourceTree = "<group>"; };
		7138C6571DA0F9E200BAF789 /* ImagePackage.swift */ = {isa = PBXFileReference; fileEncoding = 4; lastKnownFileType = sourcecode.swift; path = ImagePackage.swift; sourceTree = "<group>"; };
		7138C6581DA0F9E200BAF789 /* Tile.swift */ = {isa = PBXFileReference; fileEncoding = 4; lastKnownFileType = sourcecode.swift; path = Tile.swift; sourceTree = "<group>"; };
		7138C6591DA0F9E200BAF789 /* DoubleIndex.swift */ = {isa = PBXFileReference; fileEncoding = 4; lastKnownFileType = sourcecode.swift; path = DoubleIndex.swift; sourceTree = "<group>"; };
		7138C65E1DA1248B00BAF789 /* choosePuzzleType.swift */ = {isa = PBXFileReference; fileEncoding = 4; lastKnownFileType = sourcecode.swift; path = choosePuzzleType.swift; sourceTree = "<group>"; };
		7138C6601DA12C2900BAF789 /* settingsViewController.swift */ = {isa = PBXFileReference; fileEncoding = 4; lastKnownFileType = sourcecode.swift; path = settingsViewController.swift; sourceTree = "<group>"; };
		714D70BE1D75C4EA00FB69E9 /* imageSlider.app */ = {isa = PBXFileReference; explicitFileType = wrapper.application; includeInIndex = 0; path = imageSlider.app; sourceTree = BUILT_PRODUCTS_DIR; };
		714D70C11D75C4EA00FB69E9 /* AppDelegate.swift */ = {isa = PBXFileReference; lastKnownFileType = sourcecode.swift; path = AppDelegate.swift; sourceTree = "<group>"; };
		714D70C61D75C4EA00FB69E9 /* Base */ = {isa = PBXFileReference; lastKnownFileType = file.storyboard; name = Base; path = Base.lproj/Main.storyboard; sourceTree = "<group>"; };
		714D70C81D75C4EA00FB69E9 /* Assets.xcassets */ = {isa = PBXFileReference; lastKnownFileType = folder.assetcatalog; path = Assets.xcassets; sourceTree = "<group>"; };
		714D70CB1D75C4EA00FB69E9 /* Base */ = {isa = PBXFileReference; lastKnownFileType = file.storyboard; name = Base; path = Base.lproj/LaunchScreen.storyboard; sourceTree = "<group>"; };
		714D70CD1D75C4EA00FB69E9 /* Info.plist */ = {isa = PBXFileReference; lastKnownFileType = text.plist.xml; path = Info.plist; sourceTree = "<group>"; };
		714D70D81D75DC7F00FB69E9 /* puzzleViewController.swift */ = {isa = PBXFileReference; fileEncoding = 4; lastKnownFileType = sourcecode.swift; name = puzzleViewController.swift; path = ../puzzleViewController.swift; sourceTree = "<group>"; };
		71D1E0811D787D8100D24CD8 /* introViewController.swift */ = {isa = PBXFileReference; fileEncoding = 4; lastKnownFileType = sourcecode.swift; name = introViewController.swift; path = ../introViewController.swift; sourceTree = "<group>"; };
		71DAF1841DAA194000C62D84 /* finalViewController.swift */ = {isa = PBXFileReference; fileEncoding = 4; lastKnownFileType = sourcecode.swift; path = finalViewController.swift; sourceTree = "<group>"; };
/* End PBXFileReference section */

/* Begin PBXFrameworksBuildPhase section */
		714D70BB1D75C4EA00FB69E9 /* Frameworks */ = {
			isa = PBXFrameworksBuildPhase;
			buildActionMask = 2147483647;
			files = (
			);
			runOnlyForDeploymentPostprocessing = 0;
		};
/* End PBXFrameworksBuildPhase section */

/* Begin PBXGroup section */
		714D70B51D75C4EA00FB69E9 = {
			isa = PBXGroup;
			children = (
				714D70C01D75C4EA00FB69E9 /* imageSlider */,
				714D70BF1D75C4EA00FB69E9 /* Products */,
			);
			sourceTree = "<group>";
		};
		714D70BF1D75C4EA00FB69E9 /* Products */ = {
			isa = PBXGroup;
			children = (
				714D70BE1D75C4EA00FB69E9 /* imageSlider.app */,
			);
			name = Products;
			sourceTree = "<group>";
		};
		714D70C01D75C4EA00FB69E9 /* imageSlider */ = {
			isa = PBXGroup;
			children = (
				714D70C11D75C4EA00FB69E9 /* AppDelegate.swift */,
				71DAF1841DAA194000C62D84 /* finalViewController.swift */,
				714D70D81D75DC7F00FB69E9 /* puzzleViewController.swift */,
				7138C65E1DA1248B00BAF789 /* choosePuzzleType.swift */,
				71D1E0811D787D8100D24CD8 /* introViewController.swift */,
				7138C6601DA12C2900BAF789 /* settingsViewController.swift */,
				714D70D71D75DB4200FB69E9 /* others */,
				714D70C51D75C4EA00FB69E9 /* Main.storyboard */,
				714D70C81D75C4EA00FB69E9 /* Assets.xcassets */,
				714D70CA1D75C4EA00FB69E9 /* LaunchScreen.storyboard */,
				714D70CD1D75C4EA00FB69E9 /* Info.plist */,
			);
			path = imageSlider;
			sourceTree = "<group>";
		};
		714D70D71D75DB4200FB69E9 /* others */ = {
			isa = PBXGroup;
			children = (
				7138C6561DA0F9E200BAF789 /* TileAreaView.swift */,
				7138C6571DA0F9E200BAF789 /* ImagePackage.swift */,
				7138C6581DA0F9E200BAF789 /* Tile.swift */,
				7138C6591DA0F9E200BAF789 /* DoubleIndex.swift */,
			);
			name = others;
			sourceTree = "<group>";
		};
/* End PBXGroup section */

/* Begin PBXNativeTarget section */
		714D70BD1D75C4EA00FB69E9 /* imageSlider */ = {
			isa = PBXNativeTarget;
			buildConfigurationList = 714D70D01D75C4EA00FB69E9 /* Build configuration list for PBXNativeTarget "imageSlider" */;
			buildPhases = (
				714D70BA1D75C4EA00FB69E9 /* Sources */,
				714D70BB1D75C4EA00FB69E9 /* Frameworks */,
				714D70BC1D75C4EA00FB69E9 /* Resources */,
			);
			buildRules = (
			);
			dependencies = (
			);
			name = imageSlider;
			productName = imageSlider;
			productReference = 714D70BE1D75C4EA00FB69E9 /* imageSlider.app */;
			productType = "com.apple.product-type.application";
		};
/* End PBXNativeTarget section */

/* Begin PBXProject section */
		714D70B61D75C4EA00FB69E9 /* Project object */ = {
			isa = PBXProject;
			attributes = {
				LastSwiftUpdateCheck = 0730;
				LastUpgradeCheck = 0730;
				ORGANIZATIONNAME = BrianShih;
				TargetAttributes = {
					714D70BD1D75C4EA00FB69E9 = {
						CreatedOnToolsVersion = 7.3.1;
						DevelopmentTeam = P2FB7WEVAT;
						LastSwiftMigration = 0800;
					};
				};
			};
			buildConfigurationList = 714D70B91D75C4EA00FB69E9 /* Build configuration list for PBXProject "imageSlider" */;
			compatibilityVersion = "Xcode 3.2";
			developmentRegion = English;
			hasScannedForEncodings = 0;
			knownRegions = (
				en,
				Base,
			);
			mainGroup = 714D70B51D75C4EA00FB69E9;
			productRefGroup = 714D70BF1D75C4EA00FB69E9 /* Products */;
			projectDirPath = "";
			projectRoot = "";
			targets = (
				714D70BD1D75C4EA00FB69E9 /* imageSlider */,
			);
		};
/* End PBXProject section */

/* Begin PBXResourcesBuildPhase section */
		714D70BC1D75C4EA00FB69E9 /* Resources */ = {
			isa = PBXResourcesBuildPhase;
			buildActionMask = 2147483647;
			files = (
				714D70CC1D75C4EA00FB69E9 /* LaunchScreen.storyboard in Resources */,
				714D70C91D75C4EA00FB69E9 /* Assets.xcassets in Resources */,
				714D70C71D75C4EA00FB69E9 /* Main.storyboard in Resources */,
			);
			runOnlyForDeploymentPostprocessing = 0;
		};
/* End PBXResourcesBuildPhase section */

/* Begin PBXSourcesBuildPhase section */
		714D70BA1D75C4EA00FB69E9 /* Sources */ = {
			isa = PBXSourcesBuildPhase;
			buildActionMask = 2147483647;
			files = (
				7138C65D1DA0F9E200BAF789 /* DoubleIndex.swift in Sources */,
				71DAF1851DAA194000C62D84 /* finalViewController.swift in Sources */,
				714D70C21D75C4EA00FB69E9 /* AppDelegate.swift in Sources */,
				7138C6611DA12C2900BAF789 /* settingsViewController.swift in Sources */,
				71D1E0821D787D8100D24CD8 /* introViewController.swift in Sources */,
				714D70D91D75DC7F00FB69E9 /* puzzleViewController.swift in Sources */,
				7138C65C1DA0F9E200BAF789 /* Tile.swift in Sources */,
				7138C65B1DA0F9E200BAF789 /* ImagePackage.swift in Sources */,
				7138C65F1DA1248B00BAF789 /* choosePuzzleType.swift in Sources */,
				7138C65A1DA0F9E200BAF789 /* TileAreaView.swift in Sources */,
			);
			runOnlyForDeploymentPostprocessing = 0;
		};
/* End PBXSourcesBuildPhase section */

/* Begin PBXVariantGroup section */
		714D70C51D75C4EA00FB69E9 /* Main.storyboard */ = {
			isa = PBXVariantGroup;
			children = (
				714D70C61D75C4EA00FB69E9 /* Base */,
			);
			name = Main.storyboard;
			sourceTree = "<group>";
		};
		714D70CA1D75C4EA00FB69E9 /* LaunchScreen.storyboard */ = {
			isa = PBXVariantGroup;
			children = (
				714D70CB1D75C4EA00FB69E9 /* Base */,
			);
			name = LaunchScreen.storyboard;
			sourceTree = "<group>";
		};
/* End PBXVariantGroup section */

/* Begin XCBuildConfiguration section */
		714D70CE1D75C4EA00FB69E9 /* Debug */ = {
			isa = XCBuildConfiguration;
			buildSettings = {
				ALWAYS_SEARCH_USER_PATHS = NO;
				CLANG_ANALYZER_NONNULL = YES;
				CLANG_CXX_LANGUAGE_STANDARD = "gnu++0x";
				CLANG_CXX_LIBRARY = "libc++";
				CLANG_ENABLE_MODULES = YES;
				CLANG_ENABLE_OBJC_ARC = YES;
				CLANG_WARN_BOOL_CONVERSION = YES;
				CLANG_WARN_CONSTANT_CONVERSION = YES;
				CLANG_WARN_DIRECT_OBJC_ISA_USAGE = YES_ERROR;
				CLANG_WARN_EMPTY_BODY = YES;
				CLANG_WARN_ENUM_CONVERSION = YES;
				CLANG_WARN_INT_CONVERSION = YES;
				CLANG_WARN_OBJC_ROOT_CLASS = YES_ERROR;
				CLANG_WARN_UNREACHABLE_CODE = YES;
				CLANG_WARN__DUPLICATE_METHOD_MATCH = YES;
				"CODE_SIGN_IDENTITY[sdk=iphoneos*]" = "iPhone Developer";
				COPY_PHASE_STRIP = NO;
				DEBUG_INFORMATION_FORMAT = dwarf;
				ENABLE_STRICT_OBJC_MSGSEND = YES;
				ENABLE_TESTABILITY = YES;
				GCC_C_LANGUAGE_STANDARD = gnu99;
				GCC_DYNAMIC_NO_PIC = NO;
				GCC_NO_COMMON_BLOCKS = YES;
				GCC_OPTIMIZATION_LEVEL = 0;
				GCC_PREPROCESSOR_DEFINITIONS = (
					"DEBUG=1",
					"$(inherited)",
				);
				GCC_WARN_64_TO_32_BIT_CONVERSION = YES;
				GCC_WARN_ABOUT_RETURN_TYPE = YES_ERROR;
				GCC_WARN_UNDECLARED_SELECTOR = YES;
				GCC_WARN_UNINITIALIZED_AUTOS = YES_AGGRESSIVE;
				GCC_WARN_UNUSED_FUNCTION = YES;
				GCC_WARN_UNUSED_VARIABLE = YES;
				IPHONEOS_DEPLOYMENT_TARGET = 9.3;
				MTL_ENABLE_DEBUG_INFO = YES;
				ONLY_ACTIVE_ARCH = YES;
				SDKROOT = iphoneos;
				SWIFT_OPTIMIZATION_LEVEL = "-Onone";
			};
			name = Debug;
		};
		714D70CF1D75C4EA00FB69E9 /* Release */ = {
			isa = XCBuildConfiguration;
			buildSettings = {
				ALWAYS_SEARCH_USER_PATHS = NO;
				CLANG_ANALYZER_NONNULL = YES;
				CLANG_CXX_LANGUAGE_STANDARD = "gnu++0x";
				CLANG_CXX_LIBRARY = "libc++";
				CLANG_ENABLE_MODULES = YES;
				CLANG_ENABLE_OBJC_ARC = YES;
				CLANG_WARN_BOOL_CONVERSION = YES;
				CLANG_WARN_CONSTANT_CONVERSION = YES;
				CLANG_WARN_DIRECT_OBJC_ISA_USAGE = YES_ERROR;
				CLANG_WARN_EMPTY_BODY = YES;
				CLANG_WARN_ENUM_CONVERSION = YES;
				CLANG_WARN_INT_CONVERSION = YES;
				CLANG_WARN_OBJC_ROOT_CLASS = YES_ERROR;
				CLANG_WARN_UNREACHABLE_CODE = YES;
				CLANG_WARN__DUPLICATE_METHOD_MATCH = YES;
				"CODE_SIGN_IDENTITY[sdk=iphoneos*]" = "iPhone Developer";
				COPY_PHASE_STRIP = NO;
				DEBUG_INFORMATION_FORMAT = "dwarf-with-dsym";
				ENABLE_NS_ASSERTIONS = NO;
				ENABLE_STRICT_OBJC_MSGSEND = YES;
				GCC_C_LANGUAGE_STANDARD = gnu99;
				GCC_NO_COMMON_BLOCKS = YES;
				GCC_WARN_64_TO_32_BIT_CONVERSION = YES;
				GCC_WARN_ABOUT_RETURN_TYPE = YES_ERROR;
				GCC_WARN_UNDECLARED_SELECTOR = YES;
				GCC_WARN_UNINITIALIZED_AUTOS = YES_AGGRESSIVE;
				GCC_WARN_UNUSED_FUNCTION = YES;
				GCC_WARN_UNUSED_VARIABLE = YES;
				IPHONEOS_DEPLOYMENT_TARGET = 9.3;
				MTL_ENABLE_DEBUG_INFO = NO;
				SDKROOT = iphoneos;
				VALIDATE_PRODUCT = YES;
			};
			name = Release;
		};
		714D70D11D75C4EA00FB69E9 /* Debug */ = {
			isa = XCBuildConfiguration;
			buildSettings = {
				ASSETCATALOG_COMPILER_APPICON_NAME = AppIcon;
				CODE_SIGN_IDENTITY = "iPhone Developer";
				"CODE_SIGN_IDENTITY[sdk=iphoneos*]" = "iPhone Developer";
				DEVELOPMENT_TEAM = P2FB7WEVAT;
				INFOPLIST_FILE = imageSlider/Info.plist;
				IPHONEOS_DEPLOYMENT_TARGET = 10.0;
				LD_RUNPATH_SEARCH_PATHS = "$(inherited) @executable_path/Frameworks";
				PRODUCT_BUNDLE_IDENTIFIER = icerberg.imageSliderloljhjkgfgjhfdj;
				PRODUCT_NAME = "$(TARGET_NAME)";
				PROVISIONING_PROFILE = "";
				SWIFT_VERSION = 3.0;
			};
			name = Debug;
		};
		714D70D21D75C4EA00FB69E9 /* Release */ = {
			isa = XCBuildConfiguration;
			buildSettings = {
				ASSETCATALOG_COMPILER_APPICON_NAME = AppIcon;
				CODE_SIGN_IDENTITY = "iPhone Developer";
				"CODE_SIGN_IDENTITY[sdk=iphoneos*]" = "iPhone Developer";
				DEVELOPMENT_TEAM = P2FB7WEVAT;
				INFOPLIST_FILE = imageSlider/Info.plist;
				IPHONEOS_DEPLOYMENT_TARGET = 10.0;
				LD_RUNPATH_SEARCH_PATHS = "$(inherited) @executable_path/Frameworks";
				PRODUCT_BUNDLE_IDENTIFIER = icerberg.imageSliderloljhjkgfgjhfdj;
				PRODUCT_NAME = "$(TARGET_NAME)";
				PROVISIONING_PROFILE = "";
				SWIFT_VERSION = 3.0;
			};
			name = Release;
		};
/* End XCBuildConfiguration section */

/* Begin XCConfigurationList section */
		714D70B91D75C4EA00FB69E9 /* Build configuration list for PBXProject "imageSlider" */ = {
			isa = XCConfigurationList;
			buildConfigurations = (
				714D70CE1D75C4EA00FB69E9 /* Debug */,
				714D70CF1D75C4EA00FB69E9 /* Release */,
			);
			defaultConfigurationIsVisible = 0;
			defaultConfigurationName = Release;
		};
		714D70D01D75C4EA00FB69E9 /* Build configuration list for PBXNativeTarget "imageSlider" */ = {
			isa = XCConfigurationList;
			buildConfigurations = (
				714D70D11D75C4EA00FB69E9 /* Debug */,
				714D70D21D75C4EA00FB69E9 /* Release */,
			);
			defaultConfigurationIsVisible = 0;
			defaultConfigurationName = Release;
		};
/* End XCConfigurationList section */
	};
	rootObject = 714D70B61D75C4EA00FB69E9 /* Project object */;
}
